
Microsoft Visual Studio Solution File, Format Version 12.00
Project("{FAE04EC0-301F-11D3-BF4B-00C04F79EFBC}") = "AutoMapperVsMapperly", "AutoMapperVsMapperly\AutoMapperVsMapperly.csproj", "{0B538158-802F-4697-8A5A-BCBA6361621A}"
EndProject
Global
	GlobalSection(SolutionConfigurationPlatforms) = preSolution
		Debug|Any CPU = Debug|Any CPU
		Release|Any CPU = Release|Any CPU
	EndGlobalSection
	GlobalSection(ProjectConfigurationPlatforms) = postSolution
		{0B538158-802F-4697-8A5A-BCBA6361621A}.Debug|Any CPU.ActiveCfg = Debug|Any CPU
		{0B538158-802F-4697-8A5A-BCBA6361621A}.Debug|Any CPU.Build.0 = Debug|Any CPU
		{0B538158-802F-4697-8A5A-BCBA6361621A}.Release|Any CPU.ActiveCfg = Release|Any CPU
		{0B538158-802F-4697-8A5A-BCBA6361621A}.Release|Any CPU.Build.0 = Release|Any CPU
	EndGlobalSection
EndGlobal
